
Microsoft Visual Studio Solution File, Format Version 12.00
# Visual Studio Version 17
VisualStudioVersion = 17.5.33627.172
MinimumVisualStudioVersion = 10.0.40219.1
Project("{FAE04EC0-301F-11D3-BF4B-00C04F79EFBC}") = "AzureContainerAppDemo", "AzureContainerAppDemo\AzureContainerAppDemo.csproj", "{586D5CD7-8E4D-4E0E-8AFA-7E16B2D261C9}"
EndProject
Global
	GlobalSection(SolutionConfigurationPlatforms) = preSolution
		Debug|Any CPU = Debug|Any CPU
		Release|Any CPU = Release|Any CPU
	EndGlobalSection
	GlobalSection(ProjectConfigurationPlatforms) = postSolution
		{586D5CD7-8E4D-4E0E-8AFA-7E16B2D261C9}.Debug|Any CPU.ActiveCfg = Debug|Any CPU
		{586D5CD7-8E4D-4E0E-8AFA-7E16B2D261C9}.Debug|Any CPU.Build.0 = Debug|Any CPU
		{586D5CD7-8E4D-4E0E-8AFA-7E16B2D261C9}.Release|Any CPU.ActiveCfg = Release|Any CPU
		{586D5CD7-8E4D-4E0E-8AFA-7E16B2D261C9}.Release|Any CPU.Build.0 = Release|Any CPU
	EndGlobalSection
	GlobalSection(SolutionProperties) = preSolution
		HideSolutionNode = FALSE
	EndGlobalSection
	GlobalSection(ExtensibilityGlobals) = postSolution
		SolutionGuid = {853EEB2D-4B13-47C0-966D-8B3888DE63EA}
	EndGlobalSection
EndGlobal
